
Microsoft Visual Studio Solution File, Format Version 12.00
# Visual Studio Version 17
VisualStudioVersion = 17.1.32210.238
MinimumVisualStudioVersion = 10.0.40219.1
Project("{FAE04EC0-301F-11D3-BF4B-00C04F79EFBC}") = "ONT 3 Assignment", "ONT 3 Assignment\ONT 3 Assignment.csproj", "{187BB3C2-25E1-44A5-B086-F57527BF1904}"
EndProject
Global
	GlobalSection(SolutionConfigurationPlatforms) = preSolution
		Debug|Any CPU = Debug|Any CPU
		Release|Any CPU = Release|Any CPU
	EndGlobalSection
	GlobalSection(ProjectConfigurationPlatforms) = postSolution
		{187BB3C2-25E1-44A5-B086-F57527BF1904}.Debug|Any CPU.ActiveCfg = Debug|Any CPU
		{187BB3C2-25E1-44A5-B086-F57527BF1904}.Debug|Any CPU.Build.0 = Debug|Any CPU
		{187BB3C2-25E1-44A5-B086-F57527BF1904}.Release|Any CPU.ActiveCfg = Release|Any CPU
		{187BB3C2-25E1-44A5-B086-F57527BF1904}.Release|Any CPU.Build.0 = Release|Any CPU
	EndGlobalSection
	GlobalSection(SolutionProperties) = preSolution
		HideSolutionNode = FALSE
	EndGlobalSection
	GlobalSection(ExtensibilityGlobals) = postSolution
		SolutionGuid = {46387B75-C780-4AC6-9B8C-A23FEE606F0A}
	EndGlobalSection
EndGlobal
